// !$*UTF8*$!
{
	archiveVersion = 1;
	classes = {
	};
	objectVersion = 46;
	objects = {

/* Begin PBXBuildFile section */
		E812482A20A0D729007E48A1 /* AppDelegate.swift in Sources */ = {isa = PBXBuildFile; fileRef = E812482920A0D729007E48A1 /* AppDelegate.swift */; };
		E812482C20A0D729007E48A1 /* ViewController.swift in Sources */ = {isa = PBXBuildFile; fileRef = E812482B20A0D729007E48A1 /* ViewController.swift */; };
		E812482F20A0D729007E48A1 /* Main.storyboard in Resources */ = {isa = PBXBuildFile; fileRef = E812482D20A0D729007E48A1 /* Main.storyboard */; };
		E812483220A0D729007E48A1 /* SoundBoard.xcdatamodeld in Sources */ = {isa = PBXBuildFile; fileRef = E812483020A0D729007E48A1 /* SoundBoard.xcdatamodeld */; };
		E812483420A0D729007E48A1 /* Assets.xcassets in Resources */ = {isa = PBXBuildFile; fileRef = E812483320A0D729007E48A1 /* Assets.xcassets */; };
		E812483720A0D729007E48A1 /* LaunchScreen.storyboard in Resources */ = {isa = PBXBuildFile; fileRef = E812483520A0D729007E48A1 /* LaunchScreen.storyboard */; };
		E8A1B52020A0DF6400DF5599 /* SoundViewController.swift in Sources */ = {isa = PBXBuildFile; fileRef = E8A1B51F20A0DF6400DF5599 /* SoundViewController.swift */; };
/* End PBXBuildFile section */

/* Begin PBXFileReference section */
		E812482620A0D729007E48A1 /* SoundBoard.app */ = {isa = PBXFileReference; explicitFileType = wrapper.application; includeInIndex = 0; path = SoundBoard.app; sourceTree = BUILT_PRODUCTS_DIR; };
		E812482920A0D729007E48A1 /* AppDelegate.swift */ = {isa = PBXFileReference; lastKnownFileType = sourcecode.swift; path = AppDelegate.swift; sourceTree = "<group>"; };
		E812482B20A0D729007E48A1 /* ViewController.swift */ = {isa = PBXFileReference; lastKnownFileType = sourcecode.swift; path = ViewController.swift; sourceTree = "<group>"; };
		E812482E20A0D729007E48A1 /* Base */ = {isa = PBXFileReference; lastKnownFileType = file.storyboard; name = Base; path = Base.lproj/Main.storyboard; sourceTree = "<group>"; };
		E812483120A0D729007E48A1 /* SoundBoard.xcdatamodel */ = {isa = PBXFileReference; lastKnownFileType = wrapper.xcdatamodel; path = SoundBoard.xcdatamodel; sourceTree = "<group>"; };
		E812483320A0D729007E48A1 /* Assets.xcassets */ = {isa = PBXFileReference; lastKnownFileType = folder.assetcatalog; path = Assets.xcassets; sourceTree = "<group>"; };
		E812483620A0D729007E48A1 /* Base */ = {isa = PBXFileReference; lastKnownFileType = file.storyboard; name = Base; path = Base.lproj/LaunchScreen.storyboard; sourceTree = "<group>"; };
		E812483820A0D729007E48A1 /* Info.plist */ = {isa = PBXFileReference; lastKnownFileType = text.plist.xml; path = Info.plist; sourceTree = "<group>"; };
		E8A1B51F20A0DF6400DF5599 /* SoundViewController.swift */ = {isa = PBXFileReference; fileEncoding = 4; lastKnownFileType = sourcecode.swift; path = SoundViewController.swift; sourceTree = "<group>"; };
/* End PBXFileReference section */

/* Begin PBXFrameworksBuildPhase section */
		E812482320A0D729007E48A1 /* Frameworks */ = {
			isa = PBXFrameworksBuildPhase;
			buildActionMask = 2147483647;
			files = (
			);
			runOnlyForDeploymentPostprocessing = 0;
		};
/* End PBXFrameworksBuildPhase section */

/* Begin PBXGroup section */
		E812481D20A0D729007E48A1 = {
			isa = PBXGroup;
			children = (
				E812482820A0D729007E48A1 /* SoundBoard */,
				E812482720A0D729007E48A1 /* Products */,
			);
			sourceTree = "<group>";
		};
		E812482720A0D729007E48A1 /* Products */ = {
			isa = PBXGroup;
			children = (
				E812482620A0D729007E48A1 /* SoundBoard.app */,
			);
			name = Products;
			sourceTree = "<group>";
		};
		E812482820A0D729007E48A1 /* SoundBoard */ = {
			isa = PBXGroup;
			children = (
				E812482920A0D729007E48A1 /* AppDelegate.swift */,
				E812482B20A0D729007E48A1 /* ViewController.swift */,
				E812482D20A0D729007E48A1 /* Main.storyboard */,
				E812483320A0D729007E48A1 /* Assets.xcassets */,
				E812483520A0D729007E48A1 /* LaunchScreen.storyboard */,
				E812483820A0D729007E48A1 /* Info.plist */,
				E812483020A0D729007E48A1 /* SoundBoard.xcdatamodeld */,
				E8A1B51F20A0DF6400DF5599 /* SoundViewController.swift */,
			);
			path = SoundBoard;
			sourceTree = "<group>";
		};
/* End PBXGroup section */

/* Begin PBXNativeTarget section */
		E812482520A0D729007E48A1 /* SoundBoard */ = {
			isa = PBXNativeTarget;
			buildConfigurationList = E812483B20A0D729007E48A1 /* Build configuration list for PBXNativeTarget "SoundBoard" */;
			buildPhases = (
				E812482220A0D729007E48A1 /* Sources */,
				E812482320A0D729007E48A1 /* Frameworks */,
				E812482420A0D729007E48A1 /* Resources */,
			);
			buildRules = (
			);
			dependencies = (
			);
			name = SoundBoard;
			productName = SoundBoard;
			productReference = E812482620A0D729007E48A1 /* SoundBoard.app */;
			productType = "com.apple.product-type.application";
		};
/* End PBXNativeTarget section */

/* Begin PBXProject section */
		E812481E20A0D729007E48A1 /* Project object */ = {
			isa = PBXProject;
			attributes = {
				LastSwiftUpdateCheck = 0830;
				LastUpgradeCheck = 0830;
				ORGANIZATIONNAME = Gabtim;
				TargetAttributes = {
					E812482520A0D729007E48A1 = {
						CreatedOnToolsVersion = 8.3.2;
						DevelopmentTeam = U27G4WAR5T;
						ProvisioningStyle = Automatic;
					};
				};
			};
			buildConfigurationList = E812482120A0D729007E48A1 /* Build configuration list for PBXProject "SoundBoard" */;
			compatibilityVersion = "Xcode 3.2";
			developmentRegion = English;
			hasScannedForEncodings = 0;
			knownRegions = (
				en,
				Base,
			);
			mainGroup = E812481D20A0D729007E48A1;
			productRefGroup = E812482720A0D729007E48A1 /* Products */;
			projectDirPath = "";
			projectRoot = "";
			targets = (
				E812482520A0D729007E48A1 /* SoundBoard */,
			);
		};
/* End PBXProject section */

/* Begin PBXResourcesBuildPhase section */
		E812482420A0D729007E48A1 /* Resources */ = {
			isa = PBXResourcesBuildPhase;
			buildActionMask = 2147483647;
			files = (
				E812483720A0D729007E48A1 /* LaunchScreen.storyboard in Resources */,
				E812483420A0D729007E48A1 /* Assets.xcassets in Resources */,
				E812482F20A0D729007E48A1 /* Main.storyboard in Resources */,
			);
			runOnlyForDeploymentPostprocessing = 0;
		};
/* End PBXResourcesBuildPhase section */

/* Begin PBXSourcesBuildPhase section */
		E812482220A0D729007E48A1 /* Sources */ = {
			isa = PBXSourcesBuildPhase;
			buildActionMask = 2147483647;
			files = (
				E8A1B52020A0DF6400DF5599 /* SoundViewController.swift in Sources */,
				E812483220A0D729007E48A1 /* SoundBoard.xcdatamodeld in Sources */,
				E812482C20A0D729007E48A1 /* ViewController.swift in Sources */,
				E812482A20A0D729007E48A1 /* AppDelegate.swift in Sources */,
			);
			runOnlyForDeploymentPostprocessing = 0;
		};
/* End PBXSourcesBuildPhase section */

/* Begin PBXVariantGroup section */
		E812482D20A0D729007E48A1 /* Main.storyboard */ = {
			isa = PBXVariantGroup;
			children = (
				E812482E20A0D729007E48A1 /* Base */,
			);
			name = Main.storyboard;
			sourceTree = "<group>";
		};
		E812483520A0D729007E48A1 /* LaunchScreen.storyboard */ = {
			isa = PBXVariantGroup;
			children = (
				E812483620A0D729007E48A1 /* Base */,
			);
			name = LaunchScreen.storyboard;
			sourceTree = "<group>";
		};
/* End PBXVariantGroup section */

/* Begin XCBuildConfiguration section */
		E812483920A0D729007E48A1 /* Debug */ = {
			isa = XCBuildConfiguration;
			buildSettings = {
				ALWAYS_SEARCH_USER_PATHS = NO;
				CLANG_ANALYZER_NONNULL = YES;
				CLANG_ANALYZER_NUMBER_OBJECT_CONVERSION = YES_AGGRESSIVE;
				CLANG_CXX_LANGUAGE_STANDARD = "gnu++0x";
				CLANG_CXX_LIBRARY = "libc++";
				CLANG_ENABLE_MODULES = YES;
				CLANG_ENABLE_OBJC_ARC = YES;
				CLANG_WARN_BOOL_CONVERSION = YES;
				CLANG_WARN_CONSTANT_CONVERSION = YES;
				CLANG_WARN_DIRECT_OBJC_ISA_USAGE = YES_ERROR;
				CLANG_WARN_DOCUMENTATION_COMMENTS = YES;
				CLANG_WARN_EMPTY_BODY = YES;
				CLANG_WARN_ENUM_CONVERSION = YES;
				CLANG_WARN_INFINITE_RECURSION = YES;
				CLANG_WARN_INT_CONVERSION = YES;
				CLANG_WARN_OBJC_ROOT_CLASS = YES_ERROR;
				CLANG_WARN_SUSPICIOUS_MOVE = YES;
				CLANG_WARN_UNREACHABLE_CODE = YES;
				CLANG_WARN__DUPLICATE_METHOD_MATCH = YES;
				"CODE_SIGN_IDENTITY[sdk=iphoneos*]" = "iPhone Developer";
				COPY_PHASE_STRIP = NO;
				DEBUG_INFORMATION_FORMAT = dwarf;
				ENABLE_STRICT_OBJC_MSGSEND = YES;
				ENABLE_TESTABILITY = YES;
				GCC_C_LANGUAGE_STANDARD = gnu99;
				GCC_DYNAMIC_NO_PIC = NO;
				GCC_NO_COMMON_BLOCKS = YES;
				GCC_OPTIMIZATION_LEVEL = 0;
				GCC_PREPROCESSOR_DEFINITIONS = (
					"DEBUG=1",
					"$(inherited)",
				);
				GCC_WARN_64_TO_32_BIT_CONVERSION = YES;
				GCC_WARN_ABOUT_RETURN_TYPE = YES_ERROR;
				GCC_WARN_UNDECLARED_SELECTOR = YES;
				GCC_WARN_UNINITIALIZED_AUTOS = YES_AGGRESSIVE;
				GCC_WARN_UNUSED_FUNCTION = YES;
				GCC_WARN_UNUSED_VARIABLE = YES;
				IPHONEOS_DEPLOYMENT_TARGET = 10.3;
				MTL_ENABLE_DEBUG_INFO = YES;
				ONLY_ACTIVE_ARCH = YES;
				SDKROOT = iphoneos;
				SWIFT_ACTIVE_COMPILATION_CONDITIONS = DEBUG;
				SWIFT_OPTIMIZATION_LEVEL = "-Onone";
				TARGETED_DEVICE_FAMILY = "1,2";
			};
			name = Debug;
		};
		E812483A20A0D729007E48A1 /* Release */ = {
			isa = XCBuildConfiguration;
			buildSettings = {
				ALWAYS_SEARCH_USER_PATHS = NO;
				CLANG_ANALYZER_NONNULL = YES;
				CLANG_ANALYZER_NUMBER_OBJECT_CONVERSION = YES_AGGRESSIVE;
				CLANG_CXX_LANGUAGE_STANDARD = "gnu++0x";
				CLANG_CXX_LIBRARY = "libc++";
				CLANG_ENABLE_MODULES = YES;
				CLANG_ENABLE_OBJC_ARC = YES;
				CLANG_WARN_BOOL_CONVERSION = YES;
				CLANG_WARN_CONSTANT_CONVERSION = YES;
				CLANG_WARN_DIRECT_OBJC_ISA_USAGE = YES_ERROR;
				CLANG_WARN_DOCUMENTATION_COMMENTS = YES;
				CLANG_WARN_EMPTY_BODY = YES;
				CLANG_WARN_ENUM_CONVERSION = YES;
				CLANG_WARN_INFINITE_RECURSION = YES;
				CLANG_WARN_INT_CONVERSION = YES;
				CLANG_WARN_OBJC_ROOT_CLASS = YES_ERROR;
				CLANG_WARN_SUSPICIOUS_MOVE = YES;
				CLANG_WARN_UNREACHABLE_CODE = YES;
				CLANG_WARN__DUPLICATE_METHOD_MATCH = YES;
				"CODE_SIGN_IDENTITY[sdk=iphoneos*]" = "iPhone Developer";
				COPY_PHASE_STRIP = NO;
				DEBUG_INFORMATION_FORMAT = "dwarf-with-dsym";
				ENABLE_NS_ASSERTIONS = NO;
				ENABLE_STRICT_OBJC_MSGSEND = YES;
				GCC_C_LANGUAGE_STANDARD = gnu99;
				GCC_NO_COMMON_BLOCKS = YES;
				GCC_WARN_64_TO_32_BIT_CONVERSION = YES;
				GCC_WARN_ABOUT_RETURN_TYPE = YES_ERROR;
				GCC_WARN_UNDECLARED_SELECTOR = YES;
				GCC_WARN_UNINITIALIZED_AUTOS = YES_AGGRESSIVE;
				GCC_WARN_UNUSED_FUNCTION = YES;
				GCC_WARN_UNUSED_VARIABLE = YES;
				IPHONEOS_DEPLOYMENT_TARGET = 10.3;
				MTL_ENABLE_DEBUG_INFO = NO;
				SDKROOT = iphoneos;
				SWIFT_OPTIMIZATION_LEVEL = "-Owholemodule";
				TARGETED_DEVICE_FAMILY = "1,2";
				VALIDATE_PRODUCT = YES;
			};
			name = Release;
		};
		E812483C20A0D729007E48A1 /* Debug */ = {
			isa = XCBuildConfiguration;
			buildSettings = {
				ASSETCATALOG_COMPILER_APPICON_NAME = AppIcon;
				DEVELOPMENT_TEAM = U27G4WAR5T;
				INFOPLIST_FILE = SoundBoard/Info.plist;
				LD_RUNPATH_SEARCH_PATHS = "$(inherited) @executable_path/Frameworks";
				PRODUCT_BUNDLE_IDENTIFIER = com.Gabtim.SoundBoard;
				PRODUCT_NAME = "$(TARGET_NAME)";
				SWIFT_VERSION = 3.0;
			};
			name = Debug;
		};
		E812483D20A0D729007E48A1 /* Release */ = {
			isa = XCBuildConfiguration;
			buildSettings = {
				ASSETCATALOG_COMPILER_APPICON_NAME = AppIcon;
				DEVELOPMENT_TEAM = U27G4WAR5T;
				INFOPLIST_FILE = SoundBoard/Info.plist;
				LD_RUNPATH_SEARCH_PATHS = "$(inherited) @executable_path/Frameworks";
				PRODUCT_BUNDLE_IDENTIFIER = com.Gabtim.SoundBoard;
				PRODUCT_NAME = "$(TARGET_NAME)";
				SWIFT_VERSION = 3.0;
			};
			name = Release;
		};
/* End XCBuildConfiguration section */

/* Begin XCConfigurationList section */
		E812482120A0D729007E48A1 /* Build configuration list for PBXProject "SoundBoard" */ = {
			isa = XCConfigurationList;
			buildConfigurations = (
				E812483920A0D729007E48A1 /* Debug */,
				E812483A20A0D729007E48A1 /* Release */,
			);
			defaultConfigurationIsVisible = 0;
			defaultConfigurationName = Release;
		};
		E812483B20A0D729007E48A1 /* Build configuration list for PBXNativeTarget "SoundBoard" */ = {
			isa = XCConfigurationList;
			buildConfigurations = (
				E812483C20A0D729007E48A1 /* Debug */,
				E812483D20A0D729007E48A1 /* Release */,
			);
			defaultConfigurationIsVisible = 0;
			defaultConfigurationName = Release;
		};
/* End XCConfigurationList section */

/* Begin XCVersionGroup section */
		E812483020A0D729007E48A1 /* SoundBoard.xcdatamodeld */ = {
			isa = XCVersionGroup;
			children = (
				E812483120A0D729007E48A1 /* SoundBoard.xcdatamodel */,
			);
			currentVersion = E812483120A0D729007E48A1 /* SoundBoard.xcdatamodel */;
			path = SoundBoard.xcdatamodeld;
			sourceTree = "<group>";
			versionGroupType = wrapper.xcdatamodel;
		};
/* End XCVersionGroup section */
	};
	rootObject = E812481E20A0D729007E48A1 /* Project object */;
}
